
Microsoft Visual Studio Solution File, Format Version 12.00
# Visual Studio 15
VisualStudioVersion = 15.0.27004.2005
MinimumVisualStudioVersion = 10.0.40219.1
Project("{FAE04EC0-301F-11D3-BF4B-00C04F79EFBC}") = "GateKeeper", "GateKeeper\GateKeeper.csproj", "{03B1CF77-CB61-4875-825D-3C091C13EFE3}"
EndProject
Project("{FAE04EC0-301F-11D3-BF4B-00C04F79EFBC}") = "GateKeeper.Core", "GateKeeper.Core\GateKeeper.Core.csproj", "{BD427414-0357-4C9D-BCAD-A8836EEEF268}"
EndProject
Project("{FAE04EC0-301F-11D3-BF4B-00C04F79EFBC}") = "GateKeeper.Test", "GateKeeper.Test\GateKeeper.Test.csproj", "{A5C65427-6C57-4799-8068-B9F47B35CF97}"
EndProject
Global
	GlobalSection(SolutionConfigurationPlatforms) = preSolution
		Debug|Any CPU = Debug|Any CPU
		Release|Any CPU = Release|Any CPU
	EndGlobalSection
	GlobalSection(ProjectConfigurationPlatforms) = postSolution
		{03B1CF77-CB61-4875-825D-3C091C13EFE3}.Debug|Any CPU.ActiveCfg = Debug|Any CPU
		{03B1CF77-CB61-4875-825D-3C091C13EFE3}.Debug|Any CPU.Build.0 = Debug|Any CPU
		{03B1CF77-CB61-4875-825D-3C091C13EFE3}.Release|Any CPU.ActiveCfg = Release|Any CPU
		{03B1CF77-CB61-4875-825D-3C091C13EFE3}.Release|Any CPU.Build.0 = Release|Any CPU
		{BD427414-0357-4C9D-BCAD-A8836EEEF268}.Debug|Any CPU.ActiveCfg = Debug|Any CPU
		{BD427414-0357-4C9D-BCAD-A8836EEEF268}.Debug|Any CPU.Build.0 = Debug|Any CPU
		{BD427414-0357-4C9D-BCAD-A8836EEEF268}.Release|Any CPU.ActiveCfg = Release|Any CPU
		{BD427414-0357-4C9D-BCAD-A8836EEEF268}.Release|Any CPU.Build.0 = Release|Any CPU
		{A5C65427-6C57-4799-8068-B9F47B35CF97}.Debug|Any CPU.ActiveCfg = Debug|Any CPU
		{A5C65427-6C57-4799-8068-B9F47B35CF97}.Debug|Any CPU.Build.0 = Debug|Any CPU
		{A5C65427-6C57-4799-8068-B9F47B35CF97}.Release|Any CPU.ActiveCfg = Release|Any CPU
		{A5C65427-6C57-4799-8068-B9F47B35CF97}.Release|Any CPU.Build.0 = Release|Any CPU
	EndGlobalSection
	GlobalSection(SolutionProperties) = preSolution
		HideSolutionNode = FALSE
	EndGlobalSection
	GlobalSection(ExtensibilityGlobals) = postSolution
		SolutionGuid = {8CE19710-3D51-4514-835A-7E62D4E91F0B}
	EndGlobalSection
EndGlobal
